
Microsoft Visual Studio Solution File, Format Version 12.00
# Visual Studio Version 16
VisualStudioVersion = 16.0.30621.155
MinimumVisualStudioVersion = 10.0.40219.1
Project("{FAE04EC0-301F-11D3-BF4B-00C04F79EFBC}") = "AspNetDataAdapters", "AspNetDataAdapters.csproj", "{BE81F6F3-4DD6-47B1-A33C-D3A66B6C2A66}"
EndProject
Global
	GlobalSection(SolutionConfigurationPlatforms) = preSolution
		Debug|Any CPU = Debug|Any CPU
		Release|Any CPU = Release|Any CPU
	EndGlobalSection
	GlobalSection(ProjectConfigurationPlatforms) = postSolution
		{BE81F6F3-4DD6-47B1-A33C-D3A66B6C2A66}.Debug|Any CPU.ActiveCfg = Debug|Any CPU
		{BE81F6F3-4DD6-47B1-A33C-D3A66B6C2A66}.Debug|Any CPU.Build.0 = Debug|Any CPU
		{BE81F6F3-4DD6-47B1-A33C-D3A66B6C2A66}.Release|Any CPU.ActiveCfg = Release|Any CPU
		{BE81F6F3-4DD6-47B1-A33C-D3A66B6C2A66}.Release|Any CPU.Build.0 = Release|Any CPU
	EndGlobalSection
	GlobalSection(SolutionProperties) = preSolution
		HideSolutionNode = FALSE
	EndGlobalSection
	GlobalSection(ExtensibilityGlobals) = postSolution
		SolutionGuid = {7F31FEAE-45CB-4EB1-90B4-0F81D32F2AA2}
	EndGlobalSection
EndGlobal
